{
  "name": "zotero-build",
  "version": "1.0.0",
  "lockfileVersion": 1,
  "requires": true,
  "dependencies": {
    "sqlite": {
      "version": "4.0.23",
      "resolved": "https://registry.npmjs.org/sqlite/-/sqlite-4.0.23.tgz",
      "integrity": "sha512-dSdmSkrdIhUL7xP/fiEMfFuAo4dxb0afag3rK8T4Y9lYxE3g3fXT0J8H9qSFvmcKxnM0zEA8yvLbpdWQ8mom3g=="
    }
  }
}
